
Microsoft Visual Studio Solution File, Format Version 12.00
# Visual Studio 15
VisualStudioVersion = 15.0.26730.12
MinimumVisualStudioVersion = 10.0.40219.1
Project("{FAE04EC0-301F-11D3-BF4B-00C04F79EFBC}") = "hello-world", "hello-world\hello-world.csproj", "{7FC116BB-57E3-4C4F-B044-D1FA375EF207}"
EndProject
Global
	GlobalSection(SolutionConfigurationPlatforms) = preSolution
		Debug|Any CPU = Debug|Any CPU
		Release|Any CPU = Release|Any CPU
	EndGlobalSection
	GlobalSection(ProjectConfigurationPlatforms) = postSolution
		{7FC116BB-57E3-4C4F-B044-D1FA375EF207}.Debug|Any CPU.ActiveCfg = Debug|Any CPU
		{7FC116BB-57E3-4C4F-B044-D1FA375EF207}.Debug|Any CPU.Build.0 = Debug|Any CPU
		{7FC116BB-57E3-4C4F-B044-D1FA375EF207}.Release|Any CPU.ActiveCfg = Release|Any CPU
		{7FC116BB-57E3-4C4F-B044-D1FA375EF207}.Release|Any CPU.Build.0 = Release|Any CPU
	EndGlobalSection
	GlobalSection(SolutionProperties) = preSolution
		HideSolutionNode = FALSE
	EndGlobalSection
	GlobalSection(ExtensibilityGlobals) = postSolution
		SolutionGuid = {ECD260CA-23CF-45F1-81DB-AE57DA830E7C}
	EndGlobalSection
EndGlobal
